
Microsoft Visual Studio Solution File, Format Version 12.00
# Visual Studio 15
VisualStudioVersion = 15.0.28307.645
MinimumVisualStudioVersion = 10.0.40219.1
Project("{FAE04EC0-301F-11D3-BF4B-00C04F79EFBC}") = "GeometryApp", "GeometryApp\GeometryApp.csproj", "{BEEFCEF9-0D49-4375-BBCC-84FA42B96A5C}"
EndProject
Global
	GlobalSection(SolutionConfigurationPlatforms) = preSolution
		Debug|Any CPU = Debug|Any CPU
		Release|Any CPU = Release|Any CPU
	EndGlobalSection
	GlobalSection(ProjectConfigurationPlatforms) = postSolution
		{BEEFCEF9-0D49-4375-BBCC-84FA42B96A5C}.Debug|Any CPU.ActiveCfg = Debug|Any CPU
		{BEEFCEF9-0D49-4375-BBCC-84FA42B96A5C}.Debug|Any CPU.Build.0 = Debug|Any CPU
		{BEEFCEF9-0D49-4375-BBCC-84FA42B96A5C}.Release|Any CPU.ActiveCfg = Release|Any CPU
		{BEEFCEF9-0D49-4375-BBCC-84FA42B96A5C}.Release|Any CPU.Build.0 = Release|Any CPU
	EndGlobalSection
	GlobalSection(SolutionProperties) = preSolution
		HideSolutionNode = FALSE
	EndGlobalSection
	GlobalSection(ExtensibilityGlobals) = postSolution
		SolutionGuid = {027D49FF-54DE-4088-870B-503D572E3A28}
	EndGlobalSection
EndGlobal
